
Microsoft Visual Studio Solution File, Format Version 12.00
# Visual Studio Version 17
VisualStudioVersion = 17.9.34728.123
MinimumVisualStudioVersion = 10.0.40219.1
Project("{FAE04EC0-301F-11D3-BF4B-00C04F79EFBC}") = "GetEnvironmentVariableMachine", "GetEnvironmentVariableMachine\GetEnvironmentVariableMachine.csproj", "{88A623CC-6ACB-4A90-85E2-7074F9E74CA7}"
EndProject
Global
	GlobalSection(SolutionConfigurationPlatforms) = preSolution
		Debug|Any CPU = Debug|Any CPU
		Release|Any CPU = Release|Any CPU
	EndGlobalSection
	GlobalSection(ProjectConfigurationPlatforms) = postSolution
		{88A623CC-6ACB-4A90-85E2-7074F9E74CA7}.Debug|Any CPU.ActiveCfg = Debug|Any CPU
		{88A623CC-6ACB-4A90-85E2-7074F9E74CA7}.Debug|Any CPU.Build.0 = Debug|Any CPU
		{88A623CC-6ACB-4A90-85E2-7074F9E74CA7}.Release|Any CPU.ActiveCfg = Release|Any CPU
		{88A623CC-6ACB-4A90-85E2-7074F9E74CA7}.Release|Any CPU.Build.0 = Release|Any CPU
	EndGlobalSection
	GlobalSection(SolutionProperties) = preSolution
		HideSolutionNode = FALSE
	EndGlobalSection
	GlobalSection(ExtensibilityGlobals) = postSolution
		SolutionGuid = {68CB8E3C-B700-4274-BD1F-23038D6AED80}
	EndGlobalSection
EndGlobal
